
Microsoft Visual Studio Solution File, Format Version 12.00
# Visual Studio Version 17
VisualStudioVersion = 17.2.32630.192
MinimumVisualStudioVersion = 10.0.40219.1
Project("{FAE04EC0-301F-11D3-BF4B-00C04F79EFBC}") = "InecDatabaseAssignment", "InecDatabaseAssignment\InecDatabaseAssignment.csproj", "{56A22C29-73A1-4780-8D41-03F92718F506}"
EndProject
Global
	GlobalSection(SolutionConfigurationPlatforms) = preSolution
		Debug|Any CPU = Debug|Any CPU
		Release|Any CPU = Release|Any CPU
	EndGlobalSection
	GlobalSection(ProjectConfigurationPlatforms) = postSolution
		{56A22C29-73A1-4780-8D41-03F92718F506}.Debug|Any CPU.ActiveCfg = Debug|Any CPU
		{56A22C29-73A1-4780-8D41-03F92718F506}.Debug|Any CPU.Build.0 = Debug|Any CPU
		{56A22C29-73A1-4780-8D41-03F92718F506}.Release|Any CPU.ActiveCfg = Release|Any CPU
		{56A22C29-73A1-4780-8D41-03F92718F506}.Release|Any CPU.Build.0 = Release|Any CPU
	EndGlobalSection
	GlobalSection(SolutionProperties) = preSolution
		HideSolutionNode = FALSE
	EndGlobalSection
	GlobalSection(ExtensibilityGlobals) = postSolution
		SolutionGuid = {89F65E14-B6E2-469F-9432-E92684826A93}
	EndGlobalSection
EndGlobal
